// !$*UTF8*$!
{
	archiveVersion = 1;
	classes = {
	};
	objectVersion = 56;
	objects = {

/* Begin PBXBuildFile section */
		5AC10E372C03AAB300E69D47 /* TikTokApp.swift in Sources */ = {isa = PBXBuildFile; fileRef = 5AC10E362C03AAB300E69D47 /* TikTokApp.swift */; };
		5AC10E392C03AAB300E69D47 /* ContentView.swift in Sources */ = {isa = PBXBuildFile; fileRef = 5AC10E382C03AAB300E69D47 /* ContentView.swift */; };
		5AC10E3B2C03AAB400E69D47 /* Assets.xcassets in Resources */ = {isa = PBXBuildFile; fileRef = 5AC10E3A2C03AAB400E69D47 /* Assets.xcassets */; };
		5AC10E3E2C03AAB400E69D47 /* Preview Assets.xcassets in Resources */ = {isa = PBXBuildFile; fileRef = 5AC10E3D2C03AAB400E69D47 /* Preview Assets.xcassets */; };
		5AC10E562C03AC8500E69D47 /* MainTabView.swift in Sources */ = {isa = PBXBuildFile; fileRef = 5AC10E552C03AC8500E69D47 /* MainTabView.swift */; };
		5AC10E582C04002F00E69D47 /* FeedView.swift in Sources */ = {isa = PBXBuildFile; fileRef = 5AC10E572C04002F00E69D47 /* FeedView.swift */; };
		5AC10E5A2C04018B00E69D47 /* FeedCell.swift in Sources */ = {isa = PBXBuildFile; fileRef = 5AC10E592C04018B00E69D47 /* FeedCell.swift */; };
		5AC10E5C2C04052700E69D47 /* ExploreView.swift in Sources */ = {isa = PBXBuildFile; fileRef = 5AC10E5B2C04052700E69D47 /* ExploreView.swift */; };
		5AC10E5E2C04053400E69D47 /* UserCell.swift in Sources */ = {isa = PBXBuildFile; fileRef = 5AC10E5D2C04053400E69D47 /* UserCell.swift */; };
		5AC10E602C0406F200E69D47 /* NotificationsView.swift in Sources */ = {isa = PBXBuildFile; fileRef = 5AC10E5F2C0406F200E69D47 /* NotificationsView.swift */; };
		5AC10E622C0406FB00E69D47 /* NotificationCell.swift in Sources */ = {isa = PBXBuildFile; fileRef = 5AC10E612C0406FB00E69D47 /* NotificationCell.swift */; };
		5AC10E642C04094700E69D47 /* CurrentUserProfileView.swift in Sources */ = {isa = PBXBuildFile; fileRef = 5AC10E632C04094700E69D47 /* CurrentUserProfileView.swift */; };
		5AC10E662C040B6700E69D47 /* ProfileHeaderView.swift in Sources */ = {isa = PBXBuildFile; fileRef = 5AC10E652C040B6700E69D47 /* ProfileHeaderView.swift */; };
		5AC10E682C040B7800E69D47 /* PostGridView.swift in Sources */ = {isa = PBXBuildFile; fileRef = 5AC10E672C040B7800E69D47 /* PostGridView.swift */; };
		5AC10E6B2C040D1900E69D47 /* UserStatView.swift in Sources */ = {isa = PBXBuildFile; fileRef = 5AC10E6A2C040D1900E69D47 /* UserStatView.swift */; };
		5AC10E6D2C04101100E69D47 /* Post.swift in Sources */ = {isa = PBXBuildFile; fileRef = 5AC10E6C2C04101100E69D47 /* Post.swift */; };
		5AC10E722C04106C00E69D47 /* FeedViewModel.swift in Sources */ = {isa = PBXBuildFile; fileRef = 5AC10E712C04106C00E69D47 /* FeedViewModel.swift */; };
		5AC10E742C0413E600E69D47 /* CustomVideoPlayer.swift in Sources */ = {isa = PBXBuildFile; fileRef = 5AC10E732C0413E600E69D47 /* CustomVideoPlayer.swift */; };
/* End PBXBuildFile section */

/* Begin PBXFileReference section */
		5AC10E332C03AAB300E69D47 /* TikTok.app */ = {isa = PBXFileReference; explicitFileType = wrapper.application; includeInIndex = 0; path = TikTok.app; sourceTree = BUILT_PRODUCTS_DIR; };
		5AC10E362C03AAB300E69D47 /* TikTokApp.swift */ = {isa = PBXFileReference; lastKnownFileType = sourcecode.swift; path = TikTokApp.swift; sourceTree = "<group>"; };
		5AC10E382C03AAB300E69D47 /* ContentView.swift */ = {isa = PBXFileReference; lastKnownFileType = sourcecode.swift; path = ContentView.swift; sourceTree = "<group>"; };
		5AC10E3A2C03AAB400E69D47 /* Assets.xcassets */ = {isa = PBXFileReference; lastKnownFileType = folder.assetcatalog; path = Assets.xcassets; sourceTree = "<group>"; };
		5AC10E3D2C03AAB400E69D47 /* Preview Assets.xcassets */ = {isa = PBXFileReference; lastKnownFileType = folder.assetcatalog; path = "Preview Assets.xcassets"; sourceTree = "<group>"; };
		5AC10E552C03AC8500E69D47 /* MainTabView.swift */ = {isa = PBXFileReference; lastKnownFileType = sourcecode.swift; path = MainTabView.swift; sourceTree = "<group>"; };
		5AC10E572C04002F00E69D47 /* FeedView.swift */ = {isa = PBXFileReference; lastKnownFileType = sourcecode.swift; path = FeedView.swift; sourceTree = "<group>"; };
		5AC10E592C04018B00E69D47 /* FeedCell.swift */ = {isa = PBXFileReference; lastKnownFileType = sourcecode.swift; path = FeedCell.swift; sourceTree = "<group>"; };
		5AC10E5B2C04052700E69D47 /* ExploreView.swift */ = {isa = PBXFileReference; lastKnownFileType = sourcecode.swift; path = ExploreView.swift; sourceTree = "<group>"; };
		5AC10E5D2C04053400E69D47 /* UserCell.swift */ = {isa = PBXFileReference; lastKnownFileType = sourcecode.swift; path = UserCell.swift; sourceTree = "<group>"; };
		5AC10E5F2C0406F200E69D47 /* NotificationsView.swift */ = {isa = PBXFileReference; lastKnownFileType = sourcecode.swift; path = NotificationsView.swift; sourceTree = "<group>"; };
		5AC10E612C0406FB00E69D47 /* NotificationCell.swift */ = {isa = PBXFileReference; lastKnownFileType = sourcecode.swift; path = NotificationCell.swift; sourceTree = "<group>"; };
		5AC10E632C04094700E69D47 /* CurrentUserProfileView.swift */ = {isa = PBXFileReference; lastKnownFileType = sourcecode.swift; path = CurrentUserProfileView.swift; sourceTree = "<group>"; };
		5AC10E652C040B6700E69D47 /* ProfileHeaderView.swift */ = {isa = PBXFileReference; lastKnownFileType = sourcecode.swift; path = ProfileHeaderView.swift; sourceTree = "<group>"; };
		5AC10E672C040B7800E69D47 /* PostGridView.swift */ = {isa = PBXFileReference; lastKnownFileType = sourcecode.swift; path = PostGridView.swift; sourceTree = "<group>"; };
		5AC10E6A2C040D1900E69D47 /* UserStatView.swift */ = {isa = PBXFileReference; lastKnownFileType = sourcecode.swift; path = UserStatView.swift; sourceTree = "<group>"; };
		5AC10E6C2C04101100E69D47 /* Post.swift */ = {isa = PBXFileReference; lastKnownFileType = sourcecode.swift; path = Post.swift; sourceTree = "<group>"; };
		5AC10E712C04106C00E69D47 /* FeedViewModel.swift */ = {isa = PBXFileReference; lastKnownFileType = sourcecode.swift; path = FeedViewModel.swift; sourceTree = "<group>"; };
		5AC10E732C0413E600E69D47 /* CustomVideoPlayer.swift */ = {isa = PBXFileReference; lastKnownFileType = sourcecode.swift; path = CustomVideoPlayer.swift; sourceTree = "<group>"; };
/* End PBXFileReference section */

/* Begin PBXFrameworksBuildPhase section */
		5AC10E302C03AAB300E69D47 /* Frameworks */ = {
			isa = PBXFrameworksBuildPhase;
			buildActionMask = 2147483647;
			files = (
			);
			runOnlyForDeploymentPostprocessing = 0;
		};
/* End PBXFrameworksBuildPhase section */

/* Begin PBXGroup section */
		5AC10E2A2C03AAB300E69D47 = {
			isa = PBXGroup;
			children = (
				5AC10E352C03AAB300E69D47 /* TikTok */,
				5AC10E342C03AAB300E69D47 /* Products */,
			);
			sourceTree = "<group>";
		};
		5AC10E342C03AAB300E69D47 /* Products */ = {
			isa = PBXGroup;
			children = (
				5AC10E332C03AAB300E69D47 /* TikTok.app */,
			);
			name = Products;
			sourceTree = "<group>";
		};
		5AC10E352C03AAB300E69D47 /* TikTok */ = {
			isa = PBXGroup;
			children = (
				5AC10E472C03AAF100E69D47 /* App */,
				5AC10E442C03AAC200E69D47 /* Core */,
				5AC10E452C03AACA00E69D47 /* Extensions */,
				5AC10E462C03AAE300E69D47 /* Model */,
				5AC10E482C03AB0300E69D47 /* Services */,
				5AC10E492C03AB0F00E69D47 /* Utils */,
				5AC10E3A2C03AAB400E69D47 /* Assets.xcassets */,
				5AC10E3C2C03AAB400E69D47 /* Preview Content */,
			);
			path = TikTok;
			sourceTree = "<group>";
		};
		5AC10E3C2C03AAB400E69D47 /* Preview Content */ = {
			isa = PBXGroup;
			children = (
				5AC10E3D2C03AAB400E69D47 /* Preview Assets.xcassets */,
			);
			path = "Preview Content";
			sourceTree = "<group>";
		};
		5AC10E442C03AAC200E69D47 /* Core */ = {
			isa = PBXGroup;
			children = (
				5AC10E4B2C03AB4400E69D47 /* Authentication */,
				5AC10E4C2C03AB4B00E69D47 /* Comments */,
				5AC10E4D2C03AB5800E69D47 /* Components */,
				5AC10E4F2C03AB6000E69D47 /* Feed */,
				5AC10E502C03AB6000E69D47 /* Notifications */,
				5AC10E512C03AB6100E69D47 /* Profile */,
				5AC10E522C03AB6100E69D47 /* Root */,
				5AC10E532C03AB6200E69D47 /* Search */,
				5AC10E542C03AB6200E69D47 /* TabBar */,
				5AC10E752C04185200E69D47 /* UploadMedia */,
			);
			path = Core;
			sourceTree = "<group>";
		};
		5AC10E452C03AACA00E69D47 /* Extensions */ = {
			isa = PBXGroup;
			children = (
			);
			path = Extensions;
			sourceTree = "<group>";
		};
		5AC10E462C03AAE300E69D47 /* Model */ = {
			isa = PBXGroup;
			children = (
				5AC10E6C2C04101100E69D47 /* Post.swift */,
			);
			path = Model;
			sourceTree = "<group>";
		};
		5AC10E472C03AAF100E69D47 /* App */ = {
			isa = PBXGroup;
			children = (
				5AC10E362C03AAB300E69D47 /* TikTokApp.swift */,
			);
			path = App;
			sourceTree = "<group>";
		};
		5AC10E482C03AB0300E69D47 /* Services */ = {
			isa = PBXGroup;
			children = (
			);
			path = Services;
			sourceTree = "<group>";
		};
		5AC10E492C03AB0F00E69D47 /* Utils */ = {
			isa = PBXGroup;
			children = (
			);
			path = Utils;
			sourceTree = "<group>";
		};
		5AC10E4B2C03AB4400E69D47 /* Authentication */ = {
			isa = PBXGroup;
			children = (
			);
			path = Authentication;
			sourceTree = "<group>";
		};
		5AC10E4C2C03AB4B00E69D47 /* Comments */ = {
			isa = PBXGroup;
			children = (
			);
			path = Comments;
			sourceTree = "<group>";
		};
		5AC10E4D2C03AB5800E69D47 /* Components */ = {
			isa = PBXGroup;
			children = (
				5AC10E732C0413E600E69D47 /* CustomVideoPlayer.swift */,
			);
			path = Components;
			sourceTree = "<group>";
		};
		5AC10E4F2C03AB6000E69D47 /* Feed */ = {
			isa = PBXGroup;
			children = (
				5AC10E702C04105300E69D47 /* Service */,
				5AC10E6F2C04105100E69D47 /* View */,
				5AC10E6E2C04104E00E69D47 /* ViewModel */,
			);
			path = Feed;
			sourceTree = "<group>";
		};
		5AC10E502C03AB6000E69D47 /* Notifications */ = {
			isa = PBXGroup;
			children = (
				5AC10E5F2C0406F200E69D47 /* NotificationsView.swift */,
				5AC10E612C0406FB00E69D47 /* NotificationCell.swift */,
			);
			path = Notifications;
			sourceTree = "<group>";
		};
		5AC10E512C03AB6100E69D47 /* Profile */ = {
			isa = PBXGroup;
			children = (
				5AC10E632C04094700E69D47 /* CurrentUserProfileView.swift */,
				5AC10E692C040D0400E69D47 /* Components */,
			);
			path = Profile;
			sourceTree = "<group>";
		};
		5AC10E522C03AB6100E69D47 /* Root */ = {
			isa = PBXGroup;
			children = (
				5AC10E382C03AAB300E69D47 /* ContentView.swift */,
			);
			path = Root;
			sourceTree = "<group>";
		};
		5AC10E532C03AB6200E69D47 /* Search */ = {
			isa = PBXGroup;
			children = (
				5AC10E5B2C04052700E69D47 /* ExploreView.swift */,
				5AC10E5D2C04053400E69D47 /* UserCell.swift */,
			);
			path = Search;
			sourceTree = "<group>";
		};
		5AC10E542C03AB6200E69D47 /* TabBar */ = {
			isa = PBXGroup;
			children = (
				5AC10E552C03AC8500E69D47 /* MainTabView.swift */,
			);
			path = TabBar;
			sourceTree = "<group>";
		};
		5AC10E692C040D0400E69D47 /* Components */ = {
			isa = PBXGroup;
			children = (
				5AC10E652C040B6700E69D47 /* ProfileHeaderView.swift */,
				5AC10E672C040B7800E69D47 /* PostGridView.swift */,
				5AC10E6A2C040D1900E69D47 /* UserStatView.swift */,
			);
			path = Components;
			sourceTree = "<group>";
		};
		5AC10E6E2C04104E00E69D47 /* ViewModel */ = {
			isa = PBXGroup;
			children = (
				5AC10E712C04106C00E69D47 /* FeedViewModel.swift */,
			);
			path = ViewModel;
			sourceTree = "<group>";
		};
		5AC10E6F2C04105100E69D47 /* View */ = {
			isa = PBXGroup;
			children = (
				5AC10E572C04002F00E69D47 /* FeedView.swift */,
				5AC10E592C04018B00E69D47 /* FeedCell.swift */,
			);
			path = View;
			sourceTree = "<group>";
		};
		5AC10E702C04105300E69D47 /* Service */ = {
			isa = PBXGroup;
			children = (
			);
			path = Service;
			sourceTree = "<group>";
		};
		5AC10E752C04185200E69D47 /* UploadMedia */ = {
			isa = PBXGroup;
			children = (
			);
			path = UploadMedia;
			sourceTree = "<group>";
		};
/* End PBXGroup section */

/* Begin PBXNativeTarget section */
		5AC10E322C03AAB300E69D47 /* TikTok */ = {
			isa = PBXNativeTarget;
			buildConfigurationList = 5AC10E412C03AAB400E69D47 /* Build configuration list for PBXNativeTarget "TikTok" */;
			buildPhases = (
				5AC10E2F2C03AAB300E69D47 /* Sources */,
				5AC10E302C03AAB300E69D47 /* Frameworks */,
				5AC10E312C03AAB300E69D47 /* Resources */,
			);
			buildRules = (
			);
			dependencies = (
			);
			name = TikTok;
			productName = TikTok;
			productReference = 5AC10E332C03AAB300E69D47 /* TikTok.app */;
			productType = "com.apple.product-type.application";
		};
/* End PBXNativeTarget section */

/* Begin PBXProject section */
		5AC10E2B2C03AAB300E69D47 /* Project object */ = {
			isa = PBXProject;
			attributes = {
				BuildIndependentTargetsInParallel = 1;
				LastSwiftUpdateCheck = 1540;
				LastUpgradeCheck = 1540;
				TargetAttributes = {
					5AC10E322C03AAB300E69D47 = {
						CreatedOnToolsVersion = 15.4;
					};
				};
			};
			buildConfigurationList = 5AC10E2E2C03AAB300E69D47 /* Build configuration list for PBXProject "TikTok" */;
			compatibilityVersion = "Xcode 14.0";
			developmentRegion = en;
			hasScannedForEncodings = 0;
			knownRegions = (
				en,
				Base,
			);
			mainGroup = 5AC10E2A2C03AAB300E69D47;
			productRefGroup = 5AC10E342C03AAB300E69D47 /* Products */;
			projectDirPath = "";
			projectRoot = "";
			targets = (
				5AC10E322C03AAB300E69D47 /* TikTok */,
			);
		};
/* End PBXProject section */

/* Begin PBXResourcesBuildPhase section */
		5AC10E312C03AAB300E69D47 /* Resources */ = {
			isa = PBXResourcesBuildPhase;
			buildActionMask = 2147483647;
			files = (
				5AC10E3E2C03AAB400E69D47 /* Preview Assets.xcassets in Resources */,
				5AC10E3B2C03AAB400E69D47 /* Assets.xcassets in Resources */,
			);
			runOnlyForDeploymentPostprocessing = 0;
		};
/* End PBXResourcesBuildPhase section */

/* Begin PBXSourcesBuildPhase section */
		5AC10E2F2C03AAB300E69D47 /* Sources */ = {
			isa = PBXSourcesBuildPhase;
			buildActionMask = 2147483647;
			files = (
				5AC10E582C04002F00E69D47 /* FeedView.swift in Sources */,
				5AC10E742C0413E600E69D47 /* CustomVideoPlayer.swift in Sources */,
				5AC10E622C0406FB00E69D47 /* NotificationCell.swift in Sources */,
				5AC10E662C040B6700E69D47 /* ProfileHeaderView.swift in Sources */,
				5AC10E6B2C040D1900E69D47 /* UserStatView.swift in Sources */,
				5AC10E5A2C04018B00E69D47 /* FeedCell.swift in Sources */,
				5AC10E722C04106C00E69D47 /* FeedViewModel.swift in Sources */,
				5AC10E6D2C04101100E69D47 /* Post.swift in Sources */,
				5AC10E392C03AAB300E69D47 /* ContentView.swift in Sources */,
				5AC10E372C03AAB300E69D47 /* TikTokApp.swift in Sources */,
				5AC10E5C2C04052700E69D47 /* ExploreView.swift in Sources */,
				5AC10E562C03AC8500E69D47 /* MainTabView.swift in Sources */,
				5AC10E682C040B7800E69D47 /* PostGridView.swift in Sources */,
				5AC10E642C04094700E69D47 /* CurrentUserProfileView.swift in Sources */,
				5AC10E5E2C04053400E69D47 /* UserCell.swift in Sources */,
				5AC10E602C0406F200E69D47 /* NotificationsView.swift in Sources */,
			);
			runOnlyForDeploymentPostprocessing = 0;
		};
/* End PBXSourcesBuildPhase section */

/* Begin XCBuildConfiguration section */
		5AC10E3F2C03AAB400E69D47 /* Debug */ = {
			isa = XCBuildConfiguration;
			buildSettings = {
				ALWAYS_SEARCH_USER_PATHS = NO;
				ASSETCATALOG_COMPILER_GENERATE_SWIFT_ASSET_SYMBOL_EXTENSIONS = YES;
				CLANG_ANALYZER_NONNULL = YES;
				CLANG_ANALYZER_NUMBER_OBJECT_CONVERSION = YES_AGGRESSIVE;
				CLANG_CXX_LANGUAGE_STANDARD = "gnu++20";
				CLANG_ENABLE_MODULES = YES;
				CLANG_ENABLE_OBJC_ARC = YES;
				CLANG_ENABLE_OBJC_WEAK = YES;
				CLANG_WARN_BLOCK_CAPTURE_AUTORELEASING = YES;
				CLANG_WARN_BOOL_CONVERSION = YES;
				CLANG_WARN_COMMA = YES;
				CLANG_WARN_CONSTANT_CONVERSION = YES;
				CLANG_WARN_DEPRECATED_OBJC_IMPLEMENTATIONS = YES;
				CLANG_WARN_DIRECT_OBJC_ISA_USAGE = YES_ERROR;
				CLANG_WARN_DOCUMENTATION_COMMENTS = YES;
				CLANG_WARN_EMPTY_BODY = YES;
				CLANG_WARN_ENUM_CONVERSION = YES;
				CLANG_WARN_INFINITE_RECURSION = YES;
				CLANG_WARN_INT_CONVERSION = YES;
				CLANG_WARN_NON_LITERAL_NULL_CONVERSION = YES;
				CLANG_WARN_OBJC_IMPLICIT_RETAIN_SELF = YES;
				CLANG_WARN_OBJC_LITERAL_CONVERSION = YES;
				CLANG_WARN_OBJC_ROOT_CLASS = YES_ERROR;
				CLANG_WARN_QUOTED_INCLUDE_IN_FRAMEWORK_HEADER = YES;
				CLANG_WARN_RANGE_LOOP_ANALYSIS = YES;
				CLANG_WARN_STRICT_PROTOTYPES = YES;
				CLANG_WARN_SUSPICIOUS_MOVE = YES;
				CLANG_WARN_UNGUARDED_AVAILABILITY = YES_AGGRESSIVE;
				CLANG_WARN_UNREACHABLE_CODE = YES;
				CLANG_WARN__DUPLICATE_METHOD_MATCH = YES;
				COPY_PHASE_STRIP = NO;
				DEBUG_INFORMATION_FORMAT = dwarf;
				ENABLE_STRICT_OBJC_MSGSEND = YES;
				ENABLE_TESTABILITY = YES;
				ENABLE_USER_SCRIPT_SANDBOXING = YES;
				GCC_C_LANGUAGE_STANDARD = gnu17;
				GCC_DYNAMIC_NO_PIC = NO;
				GCC_NO_COMMON_BLOCKS = YES;
				GCC_OPTIMIZATION_LEVEL = 0;
				GCC_PREPROCESSOR_DEFINITIONS = (
					"DEBUG=1",
					"$(inherited)",
				);
				GCC_WARN_64_TO_32_BIT_CONVERSION = YES;
				GCC_WARN_ABOUT_RETURN_TYPE = YES_ERROR;
				GCC_WARN_UNDECLARED_SELECTOR = YES;
				GCC_WARN_UNINITIALIZED_AUTOS = YES_AGGRESSIVE;
				GCC_WARN_UNUSED_FUNCTION = YES;
				GCC_WARN_UNUSED_VARIABLE = YES;
				IPHONEOS_DEPLOYMENT_TARGET = 17.5;
				LOCALIZATION_PREFERS_STRING_CATALOGS = YES;
				MTL_ENABLE_DEBUG_INFO = INCLUDE_SOURCE;
				MTL_FAST_MATH = YES;
				ONLY_ACTIVE_ARCH = YES;
				SDKROOT = iphoneos;
				SWIFT_ACTIVE_COMPILATION_CONDITIONS = "DEBUG $(inherited)";
				SWIFT_OPTIMIZATION_LEVEL = "-Onone";
			};
			name = Debug;
		};
		5AC10E402C03AAB400E69D47 /* Release */ = {
			isa = XCBuildConfiguration;
			buildSettings = {
				ALWAYS_SEARCH_USER_PATHS = NO;
				ASSETCATALOG_COMPILER_GENERATE_SWIFT_ASSET_SYMBOL_EXTENSIONS = YES;
				CLANG_ANALYZER_NONNULL = YES;
				CLANG_ANALYZER_NUMBER_OBJECT_CONVERSION = YES_AGGRESSIVE;
				CLANG_CXX_LANGUAGE_STANDARD = "gnu++20";
				CLANG_ENABLE_MODULES = YES;
				CLANG_ENABLE_OBJC_ARC = YES;
				CLANG_ENABLE_OBJC_WEAK = YES;
				CLANG_WARN_BLOCK_CAPTURE_AUTORELEASING = YES;
				CLANG_WARN_BOOL_CONVERSION = YES;
				CLANG_WARN_COMMA = YES;
				CLANG_WARN_CONSTANT_CONVERSION = YES;
				CLANG_WARN_DEPRECATED_OBJC_IMPLEMENTATIONS = YES;
				CLANG_WARN_DIRECT_OBJC_ISA_USAGE = YES_ERROR;
				CLANG_WARN_DOCUMENTATION_COMMENTS = YES;
				CLANG_WARN_EMPTY_BODY = YES;
				CLANG_WARN_ENUM_CONVERSION = YES;
				CLANG_WARN_INFINITE_RECURSION = YES;
				CLANG_WARN_INT_CONVERSION = YES;
				CLANG_WARN_NON_LITERAL_NULL_CONVERSION = YES;
				CLANG_WARN_OBJC_IMPLICIT_RETAIN_SELF = YES;
				CLANG_WARN_OBJC_LITERAL_CONVERSION = YES;
				CLANG_WARN_OBJC_ROOT_CLASS = YES_ERROR;
				CLANG_WARN_QUOTED_INCLUDE_IN_FRAMEWORK_HEADER = YES;
				CLANG_WARN_RANGE_LOOP_ANALYSIS = YES;
				CLANG_WARN_STRICT_PROTOTYPES = YES;
				CLANG_WARN_SUSPICIOUS_MOVE = YES;
				CLANG_WARN_UNGUARDED_AVAILABILITY = YES_AGGRESSIVE;
				CLANG_WARN_UNREACHABLE_CODE = YES;
				CLANG_WARN__DUPLICATE_METHOD_MATCH = YES;
				COPY_PHASE_STRIP = NO;
				DEBUG_INFORMATION_FORMAT = "dwarf-with-dsym";
				ENABLE_NS_ASSERTIONS = NO;
				ENABLE_STRICT_OBJC_MSGSEND = YES;
				ENABLE_USER_SCRIPT_SANDBOXING = YES;
				GCC_C_LANGUAGE_STANDARD = gnu17;
				GCC_NO_COMMON_BLOCKS = YES;
				GCC_WARN_64_TO_32_BIT_CONVERSION = YES;
				GCC_WARN_ABOUT_RETURN_TYPE = YES_ERROR;
				GCC_WARN_UNDECLARED_SELECTOR = YES;
				GCC_WARN_UNINITIALIZED_AUTOS = YES_AGGRESSIVE;
				GCC_WARN_UNUSED_FUNCTION = YES;
				GCC_WARN_UNUSED_VARIABLE = YES;
				IPHONEOS_DEPLOYMENT_TARGET = 17.5;
				LOCALIZATION_PREFERS_STRING_CATALOGS = YES;
				MTL_ENABLE_DEBUG_INFO = NO;
				MTL_FAST_MATH = YES;
				SDKROOT = iphoneos;
				SWIFT_COMPILATION_MODE = wholemodule;
				VALIDATE_PRODUCT = YES;
			};
			name = Release;
		};
		5AC10E422C03AAB400E69D47 /* Debug */ = {
			isa = XCBuildConfiguration;
			buildSettings = {
				ASSETCATALOG_COMPILER_APPICON_NAME = AppIcon;
				ASSETCATALOG_COMPILER_GLOBAL_ACCENT_COLOR_NAME = AccentColor;
				CODE_SIGN_STYLE = Automatic;
				CURRENT_PROJECT_VERSION = 1;
				DEVELOPMENT_ASSET_PATHS = "\"TikTok/Preview Content\"";
				DEVELOPMENT_TEAM = 9YMSU52T63;
				ENABLE_PREVIEWS = YES;
				GENERATE_INFOPLIST_FILE = YES;
				INFOPLIST_KEY_UIApplicationSceneManifest_Generation = YES;
				INFOPLIST_KEY_UIApplicationSupportsIndirectInputEvents = YES;
				INFOPLIST_KEY_UILaunchScreen_Generation = YES;
				INFOPLIST_KEY_UISupportedInterfaceOrientations_iPad = "UIInterfaceOrientationPortrait UIInterfaceOrientationPortraitUpsideDown UIInterfaceOrientationLandscapeLeft UIInterfaceOrientationLandscapeRight";
				INFOPLIST_KEY_UISupportedInterfaceOrientations_iPhone = "UIInterfaceOrientationPortrait UIInterfaceOrientationLandscapeLeft UIInterfaceOrientationLandscapeRight";
				LD_RUNPATH_SEARCH_PATHS = (
					"$(inherited)",
					"@executable_path/Frameworks",
				);
				MARKETING_VERSION = 1.0;
				PRODUCT_BUNDLE_IDENTIFIER = com.toddalbert.TikTok;
				PRODUCT_NAME = "$(TARGET_NAME)";
				SWIFT_EMIT_LOC_STRINGS = YES;
				SWIFT_VERSION = 5.0;
				TARGETED_DEVICE_FAMILY = "1,2";
			};
			name = Debug;
		};
		5AC10E432C03AAB400E69D47 /* Release */ = {
			isa = XCBuildConfiguration;
			buildSettings = {
				ASSETCATALOG_COMPILER_APPICON_NAME = AppIcon;
				ASSETCATALOG_COMPILER_GLOBAL_ACCENT_COLOR_NAME = AccentColor;
				CODE_SIGN_STYLE = Automatic;
				CURRENT_PROJECT_VERSION = 1;
				DEVELOPMENT_ASSET_PATHS = "\"TikTok/Preview Content\"";
				DEVELOPMENT_TEAM = 9YMSU52T63;
				ENABLE_PREVIEWS = YES;
				GENERATE_INFOPLIST_FILE = YES;
				INFOPLIST_KEY_UIApplicationSceneManifest_Generation = YES;
				INFOPLIST_KEY_UIApplicationSupportsIndirectInputEvents = YES;
				INFOPLIST_KEY_UILaunchScreen_Generation = YES;
				INFOPLIST_KEY_UISupportedInterfaceOrientations_iPad = "UIInterfaceOrientationPortrait UIInterfaceOrientationPortraitUpsideDown UIInterfaceOrientationLandscapeLeft UIInterfaceOrientationLandscapeRight";
				INFOPLIST_KEY_UISupportedInterfaceOrientations_iPhone = "UIInterfaceOrientationPortrait UIInterfaceOrientationLandscapeLeft UIInterfaceOrientationLandscapeRight";
				LD_RUNPATH_SEARCH_PATHS = (
					"$(inherited)",
					"@executable_path/Frameworks",
				);
				MARKETING_VERSION = 1.0;
				PRODUCT_BUNDLE_IDENTIFIER = com.toddalbert.TikTok;
				PRODUCT_NAME = "$(TARGET_NAME)";
				SWIFT_EMIT_LOC_STRINGS = YES;
				SWIFT_VERSION = 5.0;
				TARGETED_DEVICE_FAMILY = "1,2";
			};
			name = Release;
		};
/* End XCBuildConfiguration section */

/* Begin XCConfigurationList section */
		5AC10E2E2C03AAB300E69D47 /* Build configuration list for PBXProject "TikTok" */ = {
			isa = XCConfigurationList;
			buildConfigurations = (
				5AC10E3F2C03AAB400E69D47 /* Debug */,
				5AC10E402C03AAB400E69D47 /* Release */,
			);
			defaultConfigurationIsVisible = 0;
			defaultConfigurationName = Release;
		};
		5AC10E412C03AAB400E69D47 /* Build configuration list for PBXNativeTarget "TikTok" */ = {
			isa = XCConfigurationList;
			buildConfigurations = (
				5AC10E422C03AAB400E69D47 /* Debug */,
				5AC10E432C03AAB400E69D47 /* Release */,
			);
			defaultConfigurationIsVisible = 0;
			defaultConfigurationName = Release;
		};
/* End XCConfigurationList section */
	};
	rootObject = 5AC10E2B2C03AAB300E69D47 /* Project object */;
}
